
Microsoft Visual Studio Solution File, Format Version 12.00
# Visual Studio Version 17
VisualStudioVersion = 17.11.35219.272
MinimumVisualStudioVersion = 10.0.40219.1
Project("{FAE04EC0-301F-11D3-BF4B-00C04F79EFBC}") = "PurchasingModule", "PurchasingModule\PurchasingModule.csproj", "{05BE0298-EEF2-459D-A805-F4B1A050CB95}"
EndProject
Project("{FAE04EC0-301F-11D3-BF4B-00C04F79EFBC}") = "PurchasingModule.DataAccess", "DataAccess\PurchasingModule.DataAccess.csproj", "{192FCC43-B62C-4DAE-9C9F-DDB44060765B}"
EndProject
Project("{FAE04EC0-301F-11D3-BF4B-00C04F79EFBC}") = "PurchasingModule.Business", "PurchasingModule.Business\PurchasingModule.Business.csproj", "{D1BC4787-8D8C-4BA9-B50C-1900910FBEA7}"
EndProject
Global
	GlobalSection(SolutionConfigurationPlatforms) = preSolution
		Debug|Any CPU = Debug|Any CPU
		Release|Any CPU = Release|Any CPU
	EndGlobalSection
	GlobalSection(ProjectConfigurationPlatforms) = postSolution
		{05BE0298-EEF2-459D-A805-F4B1A050CB95}.Debug|Any CPU.ActiveCfg = Debug|Any CPU
		{05BE0298-EEF2-459D-A805-F4B1A050CB95}.Debug|Any CPU.Build.0 = Debug|Any CPU
		{05BE0298-EEF2-459D-A805-F4B1A050CB95}.Release|Any CPU.ActiveCfg = Release|Any CPU
		{05BE0298-EEF2-459D-A805-F4B1A050CB95}.Release|Any CPU.Build.0 = Release|Any CPU
		{192FCC43-B62C-4DAE-9C9F-DDB44060765B}.Debug|Any CPU.ActiveCfg = Debug|Any CPU
		{192FCC43-B62C-4DAE-9C9F-DDB44060765B}.Debug|Any CPU.Build.0 = Debug|Any CPU
		{192FCC43-B62C-4DAE-9C9F-DDB44060765B}.Release|Any CPU.ActiveCfg = Release|Any CPU
		{192FCC43-B62C-4DAE-9C9F-DDB44060765B}.Release|Any CPU.Build.0 = Release|Any CPU
		{D1BC4787-8D8C-4BA9-B50C-1900910FBEA7}.Debug|Any CPU.ActiveCfg = Debug|Any CPU
		{D1BC4787-8D8C-4BA9-B50C-1900910FBEA7}.Debug|Any CPU.Build.0 = Debug|Any CPU
		{D1BC4787-8D8C-4BA9-B50C-1900910FBEA7}.Release|Any CPU.ActiveCfg = Release|Any CPU
		{D1BC4787-8D8C-4BA9-B50C-1900910FBEA7}.Release|Any CPU.Build.0 = Release|Any CPU
	EndGlobalSection
	GlobalSection(SolutionProperties) = preSolution
		HideSolutionNode = FALSE
	EndGlobalSection
	GlobalSection(ExtensibilityGlobals) = postSolution
		SolutionGuid = {57190EAC-76C5-4D5D-BD25-E34EC0369339}
	EndGlobalSection
EndGlobal
